
Microsoft Visual Studio Solution File, Format Version 12.00
# Visual Studio Version 17
VisualStudioVersion = 17.7.34031.279
MinimumVisualStudioVersion = 10.0.40219.1
Project("{FAE04EC0-301F-11D3-BF4B-00C04F79EFBC}") = "knihovna", "knihovna.csproj", "{41BE780D-631C-4FAE-BDAC-9234BE7C666E}"
EndProject
Global
	GlobalSection(SolutionConfigurationPlatforms) = preSolution
		Debug|Any CPU = Debug|Any CPU
		Release|Any CPU = Release|Any CPU
	EndGlobalSection
	GlobalSection(ProjectConfigurationPlatforms) = postSolution
		{41BE780D-631C-4FAE-BDAC-9234BE7C666E}.Debug|Any CPU.ActiveCfg = Debug|Any CPU
		{41BE780D-631C-4FAE-BDAC-9234BE7C666E}.Debug|Any CPU.Build.0 = Debug|Any CPU
		{41BE780D-631C-4FAE-BDAC-9234BE7C666E}.Release|Any CPU.ActiveCfg = Release|Any CPU
		{41BE780D-631C-4FAE-BDAC-9234BE7C666E}.Release|Any CPU.Build.0 = Release|Any CPU
	EndGlobalSection
	GlobalSection(SolutionProperties) = preSolution
		HideSolutionNode = FALSE
	EndGlobalSection
	GlobalSection(ExtensibilityGlobals) = postSolution
		SolutionGuid = {69315156-7360-4517-A580-7F0A14192A5C}
	EndGlobalSection
EndGlobal
